// !$*UTF8*$!
{
	archiveVersion = 1;
	classes = {
	};
	objectVersion = 50;
	objects = {

/* Begin PBXBuildFile section */
		355046D626EB4293009FD9FF /* AppDelegate.swift in Sources */ = {isa = PBXBuildFile; fileRef = 355046D526EB4293009FD9FF /* AppDelegate.swift */; };
		355046D826EB4293009FD9FF /* SceneDelegate.swift in Sources */ = {isa = PBXBuildFile; fileRef = 355046D726EB4293009FD9FF /* SceneDelegate.swift */; };
		355046DA26EB4293009FD9FF /* ViewController.swift in Sources */ = {isa = PBXBuildFile; fileRef = 355046D926EB4293009FD9FF /* ViewController.swift */; };
		355046DD26EB4293009FD9FF /* Main.storyboard in Resources */ = {isa = PBXBuildFile; fileRef = 355046DB26EB4293009FD9FF /* Main.storyboard */; };
		355046DF26EB4295009FD9FF /* Assets.xcassets in Resources */ = {isa = PBXBuildFile; fileRef = 355046DE26EB4295009FD9FF /* Assets.xcassets */; };
		355046E226EB4295009FD9FF /* LaunchScreen.storyboard in Resources */ = {isa = PBXBuildFile; fileRef = 355046E026EB4295009FD9FF /* LaunchScreen.storyboard */; };
		73A6169049A5C097A77CD5BE /* Pods_TweenKit_Practice.framework in Frameworks */ = {isa = PBXBuildFile; fileRef = 345E9F8D1202C45B8524A7DE /* Pods_TweenKit_Practice.framework */; };
/* End PBXBuildFile section */

/* Begin PBXFileReference section */
		101B47D532E0802B0D123924 /* Pods-TweenKit_Practice.debug.xcconfig */ = {isa = PBXFileReference; includeInIndex = 1; lastKnownFileType = text.xcconfig; name = "Pods-TweenKit_Practice.debug.xcconfig"; path = "Target Support Files/Pods-TweenKit_Practice/Pods-TweenKit_Practice.debug.xcconfig"; sourceTree = "<group>"; };
		345E9F8D1202C45B8524A7DE /* Pods_TweenKit_Practice.framework */ = {isa = PBXFileReference; explicitFileType = wrapper.framework; includeInIndex = 0; path = Pods_TweenKit_Practice.framework; sourceTree = BUILT_PRODUCTS_DIR; };
		355046D226EB4293009FD9FF /* TweenKit_Practice.app */ = {isa = PBXFileReference; explicitFileType = wrapper.application; includeInIndex = 0; path = TweenKit_Practice.app; sourceTree = BUILT_PRODUCTS_DIR; };
		355046D526EB4293009FD9FF /* AppDelegate.swift */ = {isa = PBXFileReference; lastKnownFileType = sourcecode.swift; path = AppDelegate.swift; sourceTree = "<group>"; };
		355046D726EB4293009FD9FF /* SceneDelegate.swift */ = {isa = PBXFileReference; lastKnownFileType = sourcecode.swift; path = SceneDelegate.swift; sourceTree = "<group>"; };
		355046D926EB4293009FD9FF /* ViewController.swift */ = {isa = PBXFileReference; lastKnownFileType = sourcecode.swift; path = ViewController.swift; sourceTree = "<group>"; };
		355046DC26EB4293009FD9FF /* Base */ = {isa = PBXFileReference; lastKnownFileType = file.storyboard; name = Base; path = Base.lproj/Main.storyboard; sourceTree = "<group>"; };
		355046DE26EB4295009FD9FF /* Assets.xcassets */ = {isa = PBXFileReference; lastKnownFileType = folder.assetcatalog; path = Assets.xcassets; sourceTree = "<group>"; };
		355046E126EB4295009FD9FF /* Base */ = {isa = PBXFileReference; lastKnownFileType = file.storyboard; name = Base; path = Base.lproj/LaunchScreen.storyboard; sourceTree = "<group>"; };
		355046E326EB4295009FD9FF /* Info.plist */ = {isa = PBXFileReference; lastKnownFileType = text.plist.xml; path = Info.plist; sourceTree = "<group>"; };
		3D9C4226B813D6B9A6CF3B6F /* Pods-TweenKit_Practice.release.xcconfig */ = {isa = PBXFileReference; includeInIndex = 1; lastKnownFileType = text.xcconfig; name = "Pods-TweenKit_Practice.release.xcconfig"; path = "Target Support Files/Pods-TweenKit_Practice/Pods-TweenKit_Practice.release.xcconfig"; sourceTree = "<group>"; };
/* End PBXFileReference section */

/* Begin PBXFrameworksBuildPhase section */
		355046CF26EB4293009FD9FF /* Frameworks */ = {
			isa = PBXFrameworksBuildPhase;
			buildActionMask = 2147483647;
			files = (
				73A6169049A5C097A77CD5BE /* Pods_TweenKit_Practice.framework in Frameworks */,
			);
			runOnlyForDeploymentPostprocessing = 0;
		};
/* End PBXFrameworksBuildPhase section */

/* Begin PBXGroup section */
		011B718DC09C6436454309DD /* Pods */ = {
			isa = PBXGroup;
			children = (
				101B47D532E0802B0D123924 /* Pods-TweenKit_Practice.debug.xcconfig */,
				3D9C4226B813D6B9A6CF3B6F /* Pods-TweenKit_Practice.release.xcconfig */,
			);
			name = Pods;
			path = Pods;
			sourceTree = "<group>";
		};
		1779306CB8A7A214E722461A /* Frameworks */ = {
			isa = PBXGroup;
			children = (
				345E9F8D1202C45B8524A7DE /* Pods_TweenKit_Practice.framework */,
			);
			name = Frameworks;
			sourceTree = "<group>";
		};
		355046C926EB4293009FD9FF = {
			isa = PBXGroup;
			children = (
				355046D426EB4293009FD9FF /* TweenKit_Practice */,
				355046D326EB4293009FD9FF /* Products */,
				011B718DC09C6436454309DD /* Pods */,
				1779306CB8A7A214E722461A /* Frameworks */,
			);
			sourceTree = "<group>";
		};
		355046D326EB4293009FD9FF /* Products */ = {
			isa = PBXGroup;
			children = (
				355046D226EB4293009FD9FF /* TweenKit_Practice.app */,
			);
			name = Products;
			sourceTree = "<group>";
		};
		355046D426EB4293009FD9FF /* TweenKit_Practice */ = {
			isa = PBXGroup;
			children = (
				355046D526EB4293009FD9FF /* AppDelegate.swift */,
				355046D726EB4293009FD9FF /* SceneDelegate.swift */,
				355046D926EB4293009FD9FF /* ViewController.swift */,
				355046DB26EB4293009FD9FF /* Main.storyboard */,
				355046DE26EB4295009FD9FF /* Assets.xcassets */,
				355046E026EB4295009FD9FF /* LaunchScreen.storyboard */,
				355046E326EB4295009FD9FF /* Info.plist */,
			);
			path = TweenKit_Practice;
			sourceTree = "<group>";
		};
/* End PBXGroup section */

/* Begin PBXNativeTarget section */
		355046D126EB4293009FD9FF /* TweenKit_Practice */ = {
			isa = PBXNativeTarget;
			buildConfigurationList = 355046E626EB4295009FD9FF /* Build configuration list for PBXNativeTarget "TweenKit_Practice" */;
			buildPhases = (
				CA556D7CA93126069520D6B6 /* [CP] Check Pods Manifest.lock */,
				355046CE26EB4293009FD9FF /* Sources */,
				355046CF26EB4293009FD9FF /* Frameworks */,
				355046D026EB4293009FD9FF /* Resources */,
				C0A146DE98E1C004EDA5CCFF /* [CP] Embed Pods Frameworks */,
			);
			buildRules = (
			);
			dependencies = (
			);
			name = TweenKit_Practice;
			productName = TweenKit_Practice;
			productReference = 355046D226EB4293009FD9FF /* TweenKit_Practice.app */;
			productType = "com.apple.product-type.application";
		};
/* End PBXNativeTarget section */

/* Begin PBXProject section */
		355046CA26EB4293009FD9FF /* Project object */ = {
			isa = PBXProject;
			attributes = {
				LastSwiftUpdateCheck = 1250;
				LastUpgradeCheck = 1250;
				TargetAttributes = {
					355046D126EB4293009FD9FF = {
						CreatedOnToolsVersion = 12.5.1;
					};
				};
			};
			buildConfigurationList = 355046CD26EB4293009FD9FF /* Build configuration list for PBXProject "TweenKit_Practice" */;
			compatibilityVersion = "Xcode 9.3";
			developmentRegion = en;
			hasScannedForEncodings = 0;
			knownRegions = (
				en,
				Base,
			);
			mainGroup = 355046C926EB4293009FD9FF;
			productRefGroup = 355046D326EB4293009FD9FF /* Products */;
			projectDirPath = "";
			projectRoot = "";
			targets = (
				355046D126EB4293009FD9FF /* TweenKit_Practice */,
			);
		};
/* End PBXProject section */

/* Begin PBXResourcesBuildPhase section */
		355046D026EB4293009FD9FF /* Resources */ = {
			isa = PBXResourcesBuildPhase;
			buildActionMask = 2147483647;
			files = (
				355046E226EB4295009FD9FF /* LaunchScreen.storyboard in Resources */,
				355046DF26EB4295009FD9FF /* Assets.xcassets in Resources */,
				355046DD26EB4293009FD9FF /* Main.storyboard in Resources */,
			);
			runOnlyForDeploymentPostprocessing = 0;
		};
/* End PBXResourcesBuildPhase section */

/* Begin PBXShellScriptBuildPhase section */
		C0A146DE98E1C004EDA5CCFF /* [CP] Embed Pods Frameworks */ = {
			isa = PBXShellScriptBuildPhase;
			buildActionMask = 2147483647;
			files = (
			);
			inputFileListPaths = (
				"${PODS_ROOT}/Target Support Files/Pods-TweenKit_Practice/Pods-TweenKit_Practice-frameworks-${CONFIGURATION}-input-files.xcfilelist",
			);
			name = "[CP] Embed Pods Frameworks";
			outputFileListPaths = (
				"${PODS_ROOT}/Target Support Files/Pods-TweenKit_Practice/Pods-TweenKit_Practice-frameworks-${CONFIGURATION}-output-files.xcfilelist",
			);
			runOnlyForDeploymentPostprocessing = 0;
			shellPath = /bin/sh;
			shellScript = "\"${PODS_ROOT}/Target Support Files/Pods-TweenKit_Practice/Pods-TweenKit_Practice-frameworks.sh\"\n";
			showEnvVarsInLog = 0;
		};
		CA556D7CA93126069520D6B6 /* [CP] Check Pods Manifest.lock */ = {
			isa = PBXShellScriptBuildPhase;
			buildActionMask = 2147483647;
			files = (
			);
			inputFileListPaths = (
			);
			inputPaths = (
				"${PODS_PODFILE_DIR_PATH}/Podfile.lock",
				"${PODS_ROOT}/Manifest.lock",
			);
			name = "[CP] Check Pods Manifest.lock";
			outputFileListPaths = (
			);
			outputPaths = (
				"$(DERIVED_FILE_DIR)/Pods-TweenKit_Practice-checkManifestLockResult.txt",
			);
			runOnlyForDeploymentPostprocessing = 0;
			shellPath = /bin/sh;
			shellScript = "diff \"${PODS_PODFILE_DIR_PATH}/Podfile.lock\" \"${PODS_ROOT}/Manifest.lock\" > /dev/null\nif [ $? != 0 ] ; then\n    # print error to STDERR\n    echo \"error: The sandbox is not in sync with the Podfile.lock. Run 'pod install' or update your CocoaPods installation.\" >&2\n    exit 1\nfi\n# This output is used by Xcode 'outputs' to avoid re-running this script phase.\necho \"SUCCESS\" > \"${SCRIPT_OUTPUT_FILE_0}\"\n";
			showEnvVarsInLog = 0;
		};
/* End PBXShellScriptBuildPhase section */

/* Begin PBXSourcesBuildPhase section */
		355046CE26EB4293009FD9FF /* Sources */ = {
			isa = PBXSourcesBuildPhase;
			buildActionMask = 2147483647;
			files = (
				355046DA26EB4293009FD9FF /* ViewController.swift in Sources */,
				355046D626EB4293009FD9FF /* AppDelegate.swift in Sources */,
				355046D826EB4293009FD9FF /* SceneDelegate.swift in Sources */,
			);
			runOnlyForDeploymentPostprocessing = 0;
		};
/* End PBXSourcesBuildPhase section */

/* Begin PBXVariantGroup section */
		355046DB26EB4293009FD9FF /* Main.storyboard */ = {
			isa = PBXVariantGroup;
			children = (
				355046DC26EB4293009FD9FF /* Base */,
			);
			name = Main.storyboard;
			sourceTree = "<group>";
		};
		355046E026EB4295009FD9FF /* LaunchScreen.storyboard */ = {
			isa = PBXVariantGroup;
			children = (
				355046E126EB4295009FD9FF /* Base */,
			);
			name = LaunchScreen.storyboard;
			sourceTree = "<group>";
		};
/* End PBXVariantGroup section */

/* Begin XCBuildConfiguration section */
		355046E426EB4295009FD9FF /* Debug */ = {
			isa = XCBuildConfiguration;
			buildSettings = {
				ALWAYS_SEARCH_USER_PATHS = NO;
				CLANG_ANALYZER_NONNULL = YES;
				CLANG_ANALYZER_NUMBER_OBJECT_CONVERSION = YES_AGGRESSIVE;
				CLANG_CXX_LANGUAGE_STANDARD = "gnu++14";
				CLANG_CXX_LIBRARY = "libc++";
				CLANG_ENABLE_MODULES = YES;
				CLANG_ENABLE_OBJC_ARC = YES;
				CLANG_ENABLE_OBJC_WEAK = YES;
				CLANG_WARN_BLOCK_CAPTURE_AUTORELEASING = YES;
				CLANG_WARN_BOOL_CONVERSION = YES;
				CLANG_WARN_COMMA = YES;
				CLANG_WARN_CONSTANT_CONVERSION = YES;
				CLANG_WARN_DEPRECATED_OBJC_IMPLEMENTATIONS = YES;
				CLANG_WARN_DIRECT_OBJC_ISA_USAGE = YES_ERROR;
				CLANG_WARN_DOCUMENTATION_COMMENTS = YES;
				CLANG_WARN_EMPTY_BODY = YES;
				CLANG_WARN_ENUM_CONVERSION = YES;
				CLANG_WARN_INFINITE_RECURSION = YES;
				CLANG_WARN_INT_CONVERSION = YES;
				CLANG_WARN_NON_LITERAL_NULL_CONVERSION = YES;
				CLANG_WARN_OBJC_IMPLICIT_RETAIN_SELF = YES;
				CLANG_WARN_OBJC_LITERAL_CONVERSION = YES;
				CLANG_WARN_OBJC_ROOT_CLASS = YES_ERROR;
				CLANG_WARN_QUOTED_INCLUDE_IN_FRAMEWORK_HEADER = YES;
				CLANG_WARN_RANGE_LOOP_ANALYSIS = YES;
				CLANG_WARN_STRICT_PROTOTYPES = YES;
				CLANG_WARN_SUSPICIOUS_MOVE = YES;
				CLANG_WARN_UNGUARDED_AVAILABILITY = YES_AGGRESSIVE;
				CLANG_WARN_UNREACHABLE_CODE = YES;
				CLANG_WARN__DUPLICATE_METHOD_MATCH = YES;
				COPY_PHASE_STRIP = NO;
				DEBUG_INFORMATION_FORMAT = dwarf;
				ENABLE_STRICT_OBJC_MSGSEND = YES;
				ENABLE_TESTABILITY = YES;
				GCC_C_LANGUAGE_STANDARD = gnu11;
				GCC_DYNAMIC_NO_PIC = NO;
				GCC_NO_COMMON_BLOCKS = YES;
				GCC_OPTIMIZATION_LEVEL = 0;
				GCC_PREPROCESSOR_DEFINITIONS = (
					"DEBUG=1",
					"$(inherited)",
				);
				GCC_WARN_64_TO_32_BIT_CONVERSION = YES;
				GCC_WARN_ABOUT_RETURN_TYPE = YES_ERROR;
				GCC_WARN_UNDECLARED_SELECTOR = YES;
				GCC_WARN_UNINITIALIZED_AUTOS = YES_AGGRESSIVE;
				GCC_WARN_UNUSED_FUNCTION = YES;
				GCC_WARN_UNUSED_VARIABLE = YES;
				IPHONEOS_DEPLOYMENT_TARGET = 14.5;
				MTL_ENABLE_DEBUG_INFO = INCLUDE_SOURCE;
				MTL_FAST_MATH = YES;
				ONLY_ACTIVE_ARCH = YES;
				SDKROOT = iphoneos;
				SWIFT_ACTIVE_COMPILATION_CONDITIONS = DEBUG;
				SWIFT_OPTIMIZATION_LEVEL = "-Onone";
			};
			name = Debug;
		};
		355046E526EB4295009FD9FF /* Release */ = {
			isa = XCBuildConfiguration;
			buildSettings = {
				ALWAYS_SEARCH_USER_PATHS = NO;
				CLANG_ANALYZER_NONNULL = YES;
				CLANG_ANALYZER_NUMBER_OBJECT_CONVERSION = YES_AGGRESSIVE;
				CLANG_CXX_LANGUAGE_STANDARD = "gnu++14";
				CLANG_CXX_LIBRARY = "libc++";
				CLANG_ENABLE_MODULES = YES;
				CLANG_ENABLE_OBJC_ARC = YES;
				CLANG_ENABLE_OBJC_WEAK = YES;
				CLANG_WARN_BLOCK_CAPTURE_AUTORELEASING = YES;
				CLANG_WARN_BOOL_CONVERSION = YES;
				CLANG_WARN_COMMA = YES;
				CLANG_WARN_CONSTANT_CONVERSION = YES;
				CLANG_WARN_DEPRECATED_OBJC_IMPLEMENTATIONS = YES;
				CLANG_WARN_DIRECT_OBJC_ISA_USAGE = YES_ERROR;
				CLANG_WARN_DOCUMENTATION_COMMENTS = YES;
				CLANG_WARN_EMPTY_BODY = YES;
				CLANG_WARN_ENUM_CONVERSION = YES;
				CLANG_WARN_INFINITE_RECURSION = YES;
				CLANG_WARN_INT_CONVERSION = YES;
				CLANG_WARN_NON_LITERAL_NULL_CONVERSION = YES;
				CLANG_WARN_OBJC_IMPLICIT_RETAIN_SELF = YES;
				CLANG_WARN_OBJC_LITERAL_CONVERSION = YES;
				CLANG_WARN_OBJC_ROOT_CLASS = YES_ERROR;
				CLANG_WARN_QUOTED_INCLUDE_IN_FRAMEWORK_HEADER = YES;
				CLANG_WARN_RANGE_LOOP_ANALYSIS = YES;
				CLANG_WARN_STRICT_PROTOTYPES = YES;
				CLANG_WARN_SUSPICIOUS_MOVE = YES;
				CLANG_WARN_UNGUARDED_AVAILABILITY = YES_AGGRESSIVE;
				CLANG_WARN_UNREACHABLE_CODE = YES;
				CLANG_WARN__DUPLICATE_METHOD_MATCH = YES;
				COPY_PHASE_STRIP = NO;
				DEBUG_INFORMATION_FORMAT = "dwarf-with-dsym";
				ENABLE_NS_ASSERTIONS = NO;
				ENABLE_STRICT_OBJC_MSGSEND = YES;
				GCC_C_LANGUAGE_STANDARD = gnu11;
				GCC_NO_COMMON_BLOCKS = YES;
				GCC_WARN_64_TO_32_BIT_CONVERSION = YES;
				GCC_WARN_ABOUT_RETURN_TYPE = YES_ERROR;
				GCC_WARN_UNDECLARED_SELECTOR = YES;
				GCC_WARN_UNINITIALIZED_AUTOS = YES_AGGRESSIVE;
				GCC_WARN_UNUSED_FUNCTION = YES;
				GCC_WARN_UNUSED_VARIABLE = YES;
				IPHONEOS_DEPLOYMENT_TARGET = 14.5;
				MTL_ENABLE_DEBUG_INFO = NO;
				MTL_FAST_MATH = YES;
				SDKROOT = iphoneos;
				SWIFT_COMPILATION_MODE = wholemodule;
				SWIFT_OPTIMIZATION_LEVEL = "-O";
				VALIDATE_PRODUCT = YES;
			};
			name = Release;
		};
		355046E726EB4295009FD9FF /* Debug */ = {
			isa = XCBuildConfiguration;
			baseConfigurationReference = 101B47D532E0802B0D123924 /* Pods-TweenKit_Practice.debug.xcconfig */;
			buildSettings = {
				ASSETCATALOG_COMPILER_APPICON_NAME = AppIcon;
				ASSETCATALOG_COMPILER_GLOBAL_ACCENT_COLOR_NAME = AccentColor;
				CODE_SIGN_STYLE = Automatic;
				DEVELOPMENT_TEAM = 8WJBD73YAT;
				INFOPLIST_FILE = TweenKit_Practice/Info.plist;
				LD_RUNPATH_SEARCH_PATHS = (
					"$(inherited)",
					"@executable_path/Frameworks",
				);
				PRODUCT_BUNDLE_IDENTIFIER = "com.jaeylee.TweenKit-Practice";
				PRODUCT_NAME = "$(TARGET_NAME)";
				SWIFT_VERSION = 5.0;
				TARGETED_DEVICE_FAMILY = "1,2";
			};
			name = Debug;
		};
		355046E826EB4295009FD9FF /* Release */ = {
			isa = XCBuildConfiguration;
			baseConfigurationReference = 3D9C4226B813D6B9A6CF3B6F /* Pods-TweenKit_Practice.release.xcconfig */;
			buildSettings = {
				ASSETCATALOG_COMPILER_APPICON_NAME = AppIcon;
				ASSETCATALOG_COMPILER_GLOBAL_ACCENT_COLOR_NAME = AccentColor;
				CODE_SIGN_STYLE = Automatic;
				DEVELOPMENT_TEAM = 8WJBD73YAT;
				INFOPLIST_FILE = TweenKit_Practice/Info.plist;
				LD_RUNPATH_SEARCH_PATHS = (
					"$(inherited)",
					"@executable_path/Frameworks",
				);
				PRODUCT_BUNDLE_IDENTIFIER = "com.jaeylee.TweenKit-Practice";
				PRODUCT_NAME = "$(TARGET_NAME)";
				SWIFT_VERSION = 5.0;
				TARGETED_DEVICE_FAMILY = "1,2";
			};
			name = Release;
		};
/* End XCBuildConfiguration section */

/* Begin XCConfigurationList section */
		355046CD26EB4293009FD9FF /* Build configuration list for PBXProject "TweenKit_Practice" */ = {
			isa = XCConfigurationList;
			buildConfigurations = (
				355046E426EB4295009FD9FF /* Debug */,
				355046E526EB4295009FD9FF /* Release */,
			);
			defaultConfigurationIsVisible = 0;
			defaultConfigurationName = Release;
		};
		355046E626EB4295009FD9FF /* Build configuration list for PBXNativeTarget "TweenKit_Practice" */ = {
			isa = XCConfigurationList;
			buildConfigurations = (
				355046E726EB4295009FD9FF /* Debug */,
				355046E826EB4295009FD9FF /* Release */,
			);
			defaultConfigurationIsVisible = 0;
			defaultConfigurationName = Release;
		};
/* End XCConfigurationList section */
	};
	rootObject = 355046CA26EB4293009FD9FF /* Project object */;
}
